# THIS IS AN AUTOGENERATED FILE. DO NOT EDIT THIS FILE DIRECTLY.
# yarn lockfile v1


"@paypal/checkout-server-sdk@^1.0.2":
  version "1.0.2"
  resolved "https://registry.yarnpkg.com/@paypal/checkout-server-sdk/-/checkout-server-sdk-1.0.2.tgz#ce6434723a8796eb2f236d0ba906ae4466ac12c2"
  integrity sha512-9wNxqgXrolEPfX62PEwyUB3SBGVF7v9N28rNJpXNp89qEpLoLStM+CT4wm/fcfYiVj9BHpimKcB4B7CBbLirxQ==
  dependencies:
    "@paypal/paypalhttp" "^1.0.0"

"@paypal/payouts-sdk@^1.1.0":
  version "1.1.0"
  resolved "https://registry.yarnpkg.com/@paypal/payouts-sdk/-/payouts-sdk-1.1.0.tgz#8b4afc7193fa60ab26cac5a611d8e4942244310d"
  integrity sha512-WOGabJzlbcLjT+qJvjz4aGxLqFS9oRKH4SUJ1dDhnMnL90WGXXNZXv+qUPnzqGJBWhInaf7ti0ikZHtDTuS3DQ==
  dependencies:
    "@paypal/paypalhttp" "^1.0.0"

"@paypal/paypalhttp@^1.0.0":
  version "1.0.0"
  resolved "https://registry.yarnpkg.com/@paypal/paypalhttp/-/paypalhttp-1.0.0.tgz#a591c1da39c63e2b9c62735348b82abed5037e01"
  integrity sha512-6gHT5HhPLObICXU8LFFiuoH0vCh3y1y0jl0OWDRuTZvptZ1WRS2eKcHigheytqxk+CWTH0qh0M3S5vEf1PJrSw==
